
Microsoft Visual Studio Solution File, Format Version 12.00
# Visual Studio Version 17
VisualStudioVersion = 17.13.35931.197 d17.13
MinimumVisualStudioVersion = 10.0.40219.1
Project("{FAE04EC0-301F-11D3-BF4B-00C04F79EFBC}") = "ClientManager.API", "ClientManager.API\ClientManager.API.csproj", "{2AC4C4FF-EBD0-4D98-824C-206FC0BE3E51}"
EndProject
Project("{FAE04EC0-301F-11D3-BF4B-00C04F79EFBC}") = "ClientManager.Core", "ClientManager.Core\ClientManager.Core.csproj", "{24CCDFB8-9A41-45B4-8597-2D565DAA031E}"
EndProject
Project("{FAE04EC0-301F-11D3-BF4B-00C04F79EFBC}") = "ClientManager.Infrastructure", "ClientManager.Infrastructure\ClientManager.Infrastructure.csproj", "{A4139F95-63C7-4B31-82ED-CF3E76A8707B}"
EndProject
Project("{FAE04EC0-301F-11D3-BF4B-00C04F79EFBC}") = "ClientManager.Tests", "ClientManager.Tests\ClientManager.Tests.csproj", "{07DC6C1B-690E-4CC7-86AD-477BD06DC83E}"
EndProject
Project("{FAE04EC0-301F-11D3-BF4B-00C04F79EFBC}") = "ClientManager.Client", "ClientManager.Client\ClientManager.Client.csproj", "{A97638E1-97B6-4887-B386-78E0EF09C151}"
EndProject
Global
	GlobalSection(SolutionConfigurationPlatforms) = preSolution
		Debug|Any CPU = Debug|Any CPU
		Release|Any CPU = Release|Any CPU
	EndGlobalSection
	GlobalSection(ProjectConfigurationPlatforms) = postSolution
		{2AC4C4FF-EBD0-4D98-824C-206FC0BE3E51}.Debug|Any CPU.ActiveCfg = Debug|Any CPU
		{2AC4C4FF-EBD0-4D98-824C-206FC0BE3E51}.Debug|Any CPU.Build.0 = Debug|Any CPU
		{2AC4C4FF-EBD0-4D98-824C-206FC0BE3E51}.Release|Any CPU.ActiveCfg = Release|Any CPU
		{2AC4C4FF-EBD0-4D98-824C-206FC0BE3E51}.Release|Any CPU.Build.0 = Release|Any CPU
		{24CCDFB8-9A41-45B4-8597-2D565DAA031E}.Debug|Any CPU.ActiveCfg = Debug|Any CPU
		{24CCDFB8-9A41-45B4-8597-2D565DAA031E}.Debug|Any CPU.Build.0 = Debug|Any CPU
		{24CCDFB8-9A41-45B4-8597-2D565DAA031E}.Release|Any CPU.ActiveCfg = Release|Any CPU
		{24CCDFB8-9A41-45B4-8597-2D565DAA031E}.Release|Any CPU.Build.0 = Release|Any CPU
		{A4139F95-63C7-4B31-82ED-CF3E76A8707B}.Debug|Any CPU.ActiveCfg = Debug|Any CPU
		{A4139F95-63C7-4B31-82ED-CF3E76A8707B}.Debug|Any CPU.Build.0 = Debug|Any CPU
		{A4139F95-63C7-4B31-82ED-CF3E76A8707B}.Release|Any CPU.ActiveCfg = Release|Any CPU
		{A4139F95-63C7-4B31-82ED-CF3E76A8707B}.Release|Any CPU.Build.0 = Release|Any CPU
		{07DC6C1B-690E-4CC7-86AD-477BD06DC83E}.Debug|Any CPU.ActiveCfg = Debug|Any CPU
		{07DC6C1B-690E-4CC7-86AD-477BD06DC83E}.Debug|Any CPU.Build.0 = Debug|Any CPU
		{07DC6C1B-690E-4CC7-86AD-477BD06DC83E}.Release|Any CPU.ActiveCfg = Release|Any CPU
		{07DC6C1B-690E-4CC7-86AD-477BD06DC83E}.Release|Any CPU.Build.0 = Release|Any CPU
		{A97638E1-97B6-4887-B386-78E0EF09C151}.Debug|Any CPU.ActiveCfg = Debug|Any CPU
		{A97638E1-97B6-4887-B386-78E0EF09C151}.Debug|Any CPU.Build.0 = Debug|Any CPU
		{A97638E1-97B6-4887-B386-78E0EF09C151}.Release|Any CPU.ActiveCfg = Release|Any CPU
		{A97638E1-97B6-4887-B386-78E0EF09C151}.Release|Any CPU.Build.0 = Release|Any CPU
	EndGlobalSection
	GlobalSection(SolutionProperties) = preSolution
		HideSolutionNode = FALSE
	EndGlobalSection
	GlobalSection(ExtensibilityGlobals) = postSolution
		SolutionGuid = {45067440-069A-4994-AF9F-110989C2E547}
	EndGlobalSection
EndGlobal
